
Microsoft Visual Studio Solution File, Format Version 12.00
# Visual Studio 14
VisualStudioVersion = 14.0.25420.1
MinimumVisualStudioVersion = 10.0.40219.1
Project("{FAE04EC0-301F-11D3-BF4B-00C04F79EFBC}") = "Chatbot.Vidya", "Chatbot.Vidya\Chatbot.Vidya.csproj", "{1620D3F7-5A17-436A-B137-B6EF1E95AB87}"
EndProject
Project("{FAE04EC0-301F-11D3-BF4B-00C04F79EFBC}") = "Chatbot.Vidya.Tests", "Chatbot.Vidya.Tests\Chatbot.Vidya.Tests.csproj", "{6A6BED8C-32D7-40AB-B7FE-34EECDB486E4}"
EndProject
Global
	GlobalSection(SolutionConfigurationPlatforms) = preSolution
		Debug|Any CPU = Debug|Any CPU
		Release|Any CPU = Release|Any CPU
	EndGlobalSection
	GlobalSection(ProjectConfigurationPlatforms) = postSolution
		{1620D3F7-5A17-436A-B137-B6EF1E95AB87}.Debug|Any CPU.ActiveCfg = Debug|Any CPU
		{1620D3F7-5A17-436A-B137-B6EF1E95AB87}.Debug|Any CPU.Build.0 = Debug|Any CPU
		{1620D3F7-5A17-436A-B137-B6EF1E95AB87}.Release|Any CPU.ActiveCfg = Release|Any CPU
		{1620D3F7-5A17-436A-B137-B6EF1E95AB87}.Release|Any CPU.Build.0 = Release|Any CPU
		{6A6BED8C-32D7-40AB-B7FE-34EECDB486E4}.Debug|Any CPU.ActiveCfg = Debug|Any CPU
		{6A6BED8C-32D7-40AB-B7FE-34EECDB486E4}.Debug|Any CPU.Build.0 = Debug|Any CPU
		{6A6BED8C-32D7-40AB-B7FE-34EECDB486E4}.Release|Any CPU.ActiveCfg = Release|Any CPU
		{6A6BED8C-32D7-40AB-B7FE-34EECDB486E4}.Release|Any CPU.Build.0 = Release|Any CPU
	EndGlobalSection
	GlobalSection(SolutionProperties) = preSolution
		HideSolutionNode = FALSE
	EndGlobalSection
EndGlobal
